// !$*UTF8*$!
{
	archiveVersion = 1;
	classes = {
	};
	objectVersion = 56;
	objects = {

/* Begin PBXBuildFile section */
		ECD346F02B9978B90087D96E /* AppDelegate.swift in Sources */ = {isa = PBXBuildFile; fileRef = ECD346EF2B9978B90087D96E /* AppDelegate.swift */; };
		ECD346F22B9978B90087D96E /* SceneDelegate.swift in Sources */ = {isa = PBXBuildFile; fileRef = ECD346F12B9978B90087D96E /* SceneDelegate.swift */; };
		ECD346F42B9978B90087D96E /* DetailViewController.swift in Sources */ = {isa = PBXBuildFile; fileRef = ECD346F32B9978B90087D96E /* DetailViewController.swift */; };
		ECD346F72B9978B90087D96E /* Main.storyboard in Resources */ = {isa = PBXBuildFile; fileRef = ECD346F52B9978B90087D96E /* Main.storyboard */; };
		ECD346F92B9978BA0087D96E /* Assets.xcassets in Resources */ = {isa = PBXBuildFile; fileRef = ECD346F82B9978BA0087D96E /* Assets.xcassets */; };
		ECD346FC2B9978BA0087D96E /* LaunchScreen.storyboard in Resources */ = {isa = PBXBuildFile; fileRef = ECD346FA2B9978BA0087D96E /* LaunchScreen.storyboard */; };
		ECD347072B9978BA0087D96E /* iOS_Music_PlayerTests.swift in Sources */ = {isa = PBXBuildFile; fileRef = ECD347062B9978BA0087D96E /* iOS_Music_PlayerTests.swift */; };
		ECD347112B9978BA0087D96E /* iOS_Music_PlayerUITests.swift in Sources */ = {isa = PBXBuildFile; fileRef = ECD347102B9978BA0087D96E /* iOS_Music_PlayerUITests.swift */; };
		ECD347132B9978BA0087D96E /* iOS_Music_PlayerUITestsLaunchTests.swift in Sources */ = {isa = PBXBuildFile; fileRef = ECD347122B9978BA0087D96E /* iOS_Music_PlayerUITestsLaunchTests.swift */; };
		ECDDAB362B998AC40086E678 /* Song.swift in Sources */ = {isa = PBXBuildFile; fileRef = ECDDAB352B998AC40086E678 /* Song.swift */; };
		ECDDAB392B998C7A0086E678 /* hukhongSong.mp3 in Resources */ = {isa = PBXBuildFile; fileRef = ECDDAB382B998C7A0086E678 /* hukhongSong.mp3 */; };
		ECDDAB3D2B998E5C0086E678 /* wrongSong.mp3 in Resources */ = {isa = PBXBuildFile; fileRef = ECDDAB3A2B998E5C0086E678 /* wrongSong.mp3 */; };
		ECDDAB3E2B998E5C0086E678 /* chuyenSong.mp3 in Resources */ = {isa = PBXBuildFile; fileRef = ECDDAB3B2B998E5C0086E678 /* chuyenSong.mp3 */; };
		ECDDAB3F2B998E5C0086E678 /* nhungSong.mp3 in Resources */ = {isa = PBXBuildFile; fileRef = ECDDAB3C2B998E5C0086E678 /* nhungSong.mp3 */; };
		ECDDAB442B99903F0086E678 /* HomePageViewController.swift in Sources */ = {isa = PBXBuildFile; fileRef = ECDDAB432B99903F0086E678 /* HomePageViewController.swift */; };
		ECDDAB482B99988F0086E678 /* SongTableViewCell.swift in Sources */ = {isa = PBXBuildFile; fileRef = ECDDAB462B99988F0086E678 /* SongTableViewCell.swift */; };
		ECDDAB492B99988F0086E678 /* SongTableViewCell.xib in Resources */ = {isa = PBXBuildFile; fileRef = ECDDAB472B99988F0086E678 /* SongTableViewCell.xib */; };
/* End PBXBuildFile section */

/* Begin PBXContainerItemProxy section */
		ECD347032B9978BA0087D96E /* PBXContainerItemProxy */ = {
			isa = PBXContainerItemProxy;
			containerPortal = ECD346E42B9978B90087D96E /* Project object */;
			proxyType = 1;
			remoteGlobalIDString = ECD346EB2B9978B90087D96E;
			remoteInfo = iOS_Music_Player;
		};
		ECD3470D2B9978BA0087D96E /* PBXContainerItemProxy */ = {
			isa = PBXContainerItemProxy;
			containerPortal = ECD346E42B9978B90087D96E /* Project object */;
			proxyType = 1;
			remoteGlobalIDString = ECD346EB2B9978B90087D96E;
			remoteInfo = iOS_Music_Player;
		};
/* End PBXContainerItemProxy section */

/* Begin PBXFileReference section */
		ECD346EC2B9978B90087D96E /* iOS_Music_Player.app */ = {isa = PBXFileReference; explicitFileType = wrapper.application; includeInIndex = 0; path = iOS_Music_Player.app; sourceTree = BUILT_PRODUCTS_DIR; };
		ECD346EF2B9978B90087D96E /* AppDelegate.swift */ = {isa = PBXFileReference; lastKnownFileType = sourcecode.swift; path = AppDelegate.swift; sourceTree = "<group>"; };
		ECD346F12B9978B90087D96E /* SceneDelegate.swift */ = {isa = PBXFileReference; lastKnownFileType = sourcecode.swift; path = SceneDelegate.swift; sourceTree = "<group>"; };
		ECD346F32B9978B90087D96E /* DetailViewController.swift */ = {isa = PBXFileReference; lastKnownFileType = sourcecode.swift; path = DetailViewController.swift; sourceTree = "<group>"; };
		ECD346F62B9978B90087D96E /* Base */ = {isa = PBXFileReference; lastKnownFileType = file.storyboard; name = Base; path = Base.lproj/Main.storyboard; sourceTree = "<group>"; };
		ECD346F82B9978BA0087D96E /* Assets.xcassets */ = {isa = PBXFileReference; lastKnownFileType = folder.assetcatalog; path = Assets.xcassets; sourceTree = "<group>"; };
		ECD346FB2B9978BA0087D96E /* Base */ = {isa = PBXFileReference; lastKnownFileType = file.storyboard; name = Base; path = Base.lproj/LaunchScreen.storyboard; sourceTree = "<group>"; };
		ECD346FD2B9978BA0087D96E /* Info.plist */ = {isa = PBXFileReference; lastKnownFileType = text.plist.xml; path = Info.plist; sourceTree = "<group>"; };
		ECD347022B9978BA0087D96E /* iOS_Music_PlayerTests.xctest */ = {isa = PBXFileReference; explicitFileType = wrapper.cfbundle; includeInIndex = 0; path = iOS_Music_PlayerTests.xctest; sourceTree = BUILT_PRODUCTS_DIR; };
		ECD347062B9978BA0087D96E /* iOS_Music_PlayerTests.swift */ = {isa = PBXFileReference; lastKnownFileType = sourcecode.swift; path = iOS_Music_PlayerTests.swift; sourceTree = "<group>"; };
		ECD3470C2B9978BA0087D96E /* iOS_Music_PlayerUITests.xctest */ = {isa = PBXFileReference; explicitFileType = wrapper.cfbundle; includeInIndex = 0; path = iOS_Music_PlayerUITests.xctest; sourceTree = BUILT_PRODUCTS_DIR; };
		ECD347102B9978BA0087D96E /* iOS_Music_PlayerUITests.swift */ = {isa = PBXFileReference; lastKnownFileType = sourcecode.swift; path = iOS_Music_PlayerUITests.swift; sourceTree = "<group>"; };
		ECD347122B9978BA0087D96E /* iOS_Music_PlayerUITestsLaunchTests.swift */ = {isa = PBXFileReference; lastKnownFileType = sourcecode.swift; path = iOS_Music_PlayerUITestsLaunchTests.swift; sourceTree = "<group>"; };
		ECDDAB352B998AC40086E678 /* Song.swift */ = {isa = PBXFileReference; lastKnownFileType = sourcecode.swift; path = Song.swift; sourceTree = "<group>"; };
		ECDDAB382B998C7A0086E678 /* hukhongSong.mp3 */ = {isa = PBXFileReference; lastKnownFileType = audio.mp3; name = hukhongSong.mp3; path = ../../../../Resources/Audio/hukhongSong.mp3; sourceTree = "<group>"; };
		ECDDAB3A2B998E5C0086E678 /* wrongSong.mp3 */ = {isa = PBXFileReference; lastKnownFileType = audio.mp3; name = wrongSong.mp3; path = ../../../../Resources/Audio/wrongSong.mp3; sourceTree = "<group>"; };
		ECDDAB3B2B998E5C0086E678 /* chuyenSong.mp3 */ = {isa = PBXFileReference; lastKnownFileType = audio.mp3; name = chuyenSong.mp3; path = ../../../../Resources/Audio/chuyenSong.mp3; sourceTree = "<group>"; };
		ECDDAB3C2B998E5C0086E678 /* nhungSong.mp3 */ = {isa = PBXFileReference; lastKnownFileType = audio.mp3; name = nhungSong.mp3; path = ../../../../Resources/Audio/nhungSong.mp3; sourceTree = "<group>"; };
		ECDDAB432B99903F0086E678 /* HomePageViewController.swift */ = {isa = PBXFileReference; lastKnownFileType = sourcecode.swift; path = HomePageViewController.swift; sourceTree = "<group>"; };
		ECDDAB462B99988F0086E678 /* SongTableViewCell.swift */ = {isa = PBXFileReference; lastKnownFileType = sourcecode.swift; path = SongTableViewCell.swift; sourceTree = "<group>"; };
		ECDDAB472B99988F0086E678 /* SongTableViewCell.xib */ = {isa = PBXFileReference; lastKnownFileType = file.xib; path = SongTableViewCell.xib; sourceTree = "<group>"; };
/* End PBXFileReference section */

/* Begin PBXFrameworksBuildPhase section */
		ECD346E92B9978B90087D96E /* Frameworks */ = {
			isa = PBXFrameworksBuildPhase;
			buildActionMask = 2147483647;
			files = (
			);
			runOnlyForDeploymentPostprocessing = 0;
		};
		ECD346FF2B9978BA0087D96E /* Frameworks */ = {
			isa = PBXFrameworksBuildPhase;
			buildActionMask = 2147483647;
			files = (
			);
			runOnlyForDeploymentPostprocessing = 0;
		};
		ECD347092B9978BA0087D96E /* Frameworks */ = {
			isa = PBXFrameworksBuildPhase;
			buildActionMask = 2147483647;
			files = (
			);
			runOnlyForDeploymentPostprocessing = 0;
		};
/* End PBXFrameworksBuildPhase section */

/* Begin PBXGroup section */
		ECD346E32B9978B90087D96E = {
			isa = PBXGroup;
			children = (
				ECD346EE2B9978B90087D96E /* iOS_Music_Player */,
				ECD347052B9978BA0087D96E /* iOS_Music_PlayerTests */,
				ECD3470F2B9978BA0087D96E /* iOS_Music_PlayerUITests */,
				ECD346ED2B9978B90087D96E /* Products */,
			);
			sourceTree = "<group>";
		};
		ECD346ED2B9978B90087D96E /* Products */ = {
			isa = PBXGroup;
			children = (
				ECD346EC2B9978B90087D96E /* iOS_Music_Player.app */,
				ECD347022B9978BA0087D96E /* iOS_Music_PlayerTests.xctest */,
				ECD3470C2B9978BA0087D96E /* iOS_Music_PlayerUITests.xctest */,
			);
			name = Products;
			sourceTree = "<group>";
		};
		ECD346EE2B9978B90087D96E /* iOS_Music_Player */ = {
			isa = PBXGroup;
			children = (
				ECD346FD2B9978BA0087D96E /* Info.plist */,
				ECD347242B998A680087D96E /* Models */,
				ECD3471F2B9987E80087D96E /* Scenes */,
				ECD347202B99880A0087D96E /* App */,
				ECD347212B9988160087D96E /* Ultilities */,
			);
			path = iOS_Music_Player;
			sourceTree = "<group>";
		};
		ECD347052B9978BA0087D96E /* iOS_Music_PlayerTests */ = {
			isa = PBXGroup;
			children = (
				ECD347062B9978BA0087D96E /* iOS_Music_PlayerTests.swift */,
			);
			path = iOS_Music_PlayerTests;
			sourceTree = "<group>";
		};
		ECD3470F2B9978BA0087D96E /* iOS_Music_PlayerUITests */ = {
			isa = PBXGroup;
			children = (
				ECD347102B9978BA0087D96E /* iOS_Music_PlayerUITests.swift */,
				ECD347122B9978BA0087D96E /* iOS_Music_PlayerUITestsLaunchTests.swift */,
			);
			path = iOS_Music_PlayerUITests;
			sourceTree = "<group>";
		};
		ECD3471F2B9987E80087D96E /* Scenes */ = {
			isa = PBXGroup;
			children = (
				ECDDAB402B998FDB0086E678 /* Home */,
				ECD347232B9989AA0087D96E /* Detail */,
				ECD346F52B9978B90087D96E /* Main.storyboard */,
				ECD346FA2B9978BA0087D96E /* LaunchScreen.storyboard */,
			);
			path = Scenes;
			sourceTree = "<group>";
		};
		ECD347202B99880A0087D96E /* App */ = {
			isa = PBXGroup;
			children = (
				ECD346EF2B9978B90087D96E /* AppDelegate.swift */,
				ECD346F12B9978B90087D96E /* SceneDelegate.swift */,
			);
			path = App;
			sourceTree = "<group>";
		};
		ECD347212B9988160087D96E /* Ultilities */ = {
			isa = PBXGroup;
			children = (
				ECDDAB372B998C650086E678 /* audio */,
				ECD346F82B9978BA0087D96E /* Assets.xcassets */,
			);
			path = Ultilities;
			sourceTree = "<group>";
		};
		ECD347232B9989AA0087D96E /* Detail */ = {
			isa = PBXGroup;
			children = (
				ECD346F32B9978B90087D96E /* DetailViewController.swift */,
			);
			path = Detail;
			sourceTree = "<group>";
		};
		ECD347242B998A680087D96E /* Models */ = {
			isa = PBXGroup;
			children = (
				ECDDAB352B998AC40086E678 /* Song.swift */,
			);
			path = Models;
			sourceTree = "<group>";
		};
		ECDDAB372B998C650086E678 /* audio */ = {
			isa = PBXGroup;
			children = (
				ECDDAB3B2B998E5C0086E678 /* chuyenSong.mp3 */,
				ECDDAB3C2B998E5C0086E678 /* nhungSong.mp3 */,
				ECDDAB3A2B998E5C0086E678 /* wrongSong.mp3 */,
				ECDDAB382B998C7A0086E678 /* hukhongSong.mp3 */,
			);
			path = audio;
			sourceTree = "<group>";
		};
		ECDDAB402B998FDB0086E678 /* Home */ = {
			isa = PBXGroup;
			children = (
				ECDDAB452B9998620086E678 /* Cell */,
				ECDDAB432B99903F0086E678 /* HomePageViewController.swift */,
			);
			path = Home;
			sourceTree = "<group>";
		};
		ECDDAB452B9998620086E678 /* Cell */ = {
			isa = PBXGroup;
			children = (
				ECDDAB462B99988F0086E678 /* SongTableViewCell.swift */,
				ECDDAB472B99988F0086E678 /* SongTableViewCell.xib */,
			);
			path = Cell;
			sourceTree = "<group>";
		};
/* End PBXGroup section */

/* Begin PBXNativeTarget section */
		ECD346EB2B9978B90087D96E /* iOS_Music_Player */ = {
			isa = PBXNativeTarget;
			buildConfigurationList = ECD347162B9978BA0087D96E /* Build configuration list for PBXNativeTarget "iOS_Music_Player" */;
			buildPhases = (
				ECD346E82B9978B90087D96E /* Sources */,
				ECD346E92B9978B90087D96E /* Frameworks */,
				ECD346EA2B9978B90087D96E /* Resources */,
			);
			buildRules = (
			);
			dependencies = (
			);
			name = iOS_Music_Player;
			productName = iOS_Music_Player;
			productReference = ECD346EC2B9978B90087D96E /* iOS_Music_Player.app */;
			productType = "com.apple.product-type.application";
		};
		ECD347012B9978BA0087D96E /* iOS_Music_PlayerTests */ = {
			isa = PBXNativeTarget;
			buildConfigurationList = ECD347192B9978BA0087D96E /* Build configuration list for PBXNativeTarget "iOS_Music_PlayerTests" */;
			buildPhases = (
				ECD346FE2B9978BA0087D96E /* Sources */,
				ECD346FF2B9978BA0087D96E /* Frameworks */,
				ECD347002B9978BA0087D96E /* Resources */,
			);
			buildRules = (
			);
			dependencies = (
				ECD347042B9978BA0087D96E /* PBXTargetDependency */,
			);
			name = iOS_Music_PlayerTests;
			productName = iOS_Music_PlayerTests;
			productReference = ECD347022B9978BA0087D96E /* iOS_Music_PlayerTests.xctest */;
			productType = "com.apple.product-type.bundle.unit-test";
		};
		ECD3470B2B9978BA0087D96E /* iOS_Music_PlayerUITests */ = {
			isa = PBXNativeTarget;
			buildConfigurationList = ECD3471C2B9978BA0087D96E /* Build configuration list for PBXNativeTarget "iOS_Music_PlayerUITests" */;
			buildPhases = (
				ECD347082B9978BA0087D96E /* Sources */,
				ECD347092B9978BA0087D96E /* Frameworks */,
				ECD3470A2B9978BA0087D96E /* Resources */,
			);
			buildRules = (
			);
			dependencies = (
				ECD3470E2B9978BA0087D96E /* PBXTargetDependency */,
			);
			name = iOS_Music_PlayerUITests;
			productName = iOS_Music_PlayerUITests;
			productReference = ECD3470C2B9978BA0087D96E /* iOS_Music_PlayerUITests.xctest */;
			productType = "com.apple.product-type.bundle.ui-testing";
		};
/* End PBXNativeTarget section */

/* Begin PBXProject section */
		ECD346E42B9978B90087D96E /* Project object */ = {
			isa = PBXProject;
			attributes = {
				BuildIndependentTargetsInParallel = 1;
				LastSwiftUpdateCheck = 1520;
				LastUpgradeCheck = 1520;
				TargetAttributes = {
					ECD346EB2B9978B90087D96E = {
						CreatedOnToolsVersion = 15.2;
					};
					ECD347012B9978BA0087D96E = {
						CreatedOnToolsVersion = 15.2;
						TestTargetID = ECD346EB2B9978B90087D96E;
					};
					ECD3470B2B9978BA0087D96E = {
						CreatedOnToolsVersion = 15.2;
						TestTargetID = ECD346EB2B9978B90087D96E;
					};
				};
			};
			buildConfigurationList = ECD346E72B9978B90087D96E /* Build configuration list for PBXProject "iOS_Music_Player" */;
			compatibilityVersion = "Xcode 14.0";
			developmentRegion = en;
			hasScannedForEncodings = 0;
			knownRegions = (
				en,
				Base,
			);
			mainGroup = ECD346E32B9978B90087D96E;
			productRefGroup = ECD346ED2B9978B90087D96E /* Products */;
			projectDirPath = "";
			projectRoot = "";
			targets = (
				ECD346EB2B9978B90087D96E /* iOS_Music_Player */,
				ECD347012B9978BA0087D96E /* iOS_Music_PlayerTests */,
				ECD3470B2B9978BA0087D96E /* iOS_Music_PlayerUITests */,
			);
		};
/* End PBXProject section */

/* Begin PBXResourcesBuildPhase section */
		ECD346EA2B9978B90087D96E /* Resources */ = {
			isa = PBXResourcesBuildPhase;
			buildActionMask = 2147483647;
			files = (
				ECDDAB492B99988F0086E678 /* SongTableViewCell.xib in Resources */,
				ECDDAB392B998C7A0086E678 /* hukhongSong.mp3 in Resources */,
				ECDDAB3D2B998E5C0086E678 /* wrongSong.mp3 in Resources */,
				ECDDAB3F2B998E5C0086E678 /* nhungSong.mp3 in Resources */,
				ECD346FC2B9978BA0087D96E /* LaunchScreen.storyboard in Resources */,
				ECDDAB3E2B998E5C0086E678 /* chuyenSong.mp3 in Resources */,
				ECD346F92B9978BA0087D96E /* Assets.xcassets in Resources */,
				ECD346F72B9978B90087D96E /* Main.storyboard in Resources */,
			);
			runOnlyForDeploymentPostprocessing = 0;
		};
		ECD347002B9978BA0087D96E /* Resources */ = {
			isa = PBXResourcesBuildPhase;
			buildActionMask = 2147483647;
			files = (
			);
			runOnlyForDeploymentPostprocessing = 0;
		};
		ECD3470A2B9978BA0087D96E /* Resources */ = {
			isa = PBXResourcesBuildPhase;
			buildActionMask = 2147483647;
			files = (
			);
			runOnlyForDeploymentPostprocessing = 0;
		};
/* End PBXResourcesBuildPhase section */

/* Begin PBXSourcesBuildPhase section */
		ECD346E82B9978B90087D96E /* Sources */ = {
			isa = PBXSourcesBuildPhase;
			buildActionMask = 2147483647;
			files = (
				ECDDAB482B99988F0086E678 /* SongTableViewCell.swift in Sources */,
				ECDDAB362B998AC40086E678 /* Song.swift in Sources */,
				ECD346F42B9978B90087D96E /* DetailViewController.swift in Sources */,
				ECD346F02B9978B90087D96E /* AppDelegate.swift in Sources */,
				ECDDAB442B99903F0086E678 /* HomePageViewController.swift in Sources */,
				ECD346F22B9978B90087D96E /* SceneDelegate.swift in Sources */,
			);
			runOnlyForDeploymentPostprocessing = 0;
		};
		ECD346FE2B9978BA0087D96E /* Sources */ = {
			isa = PBXSourcesBuildPhase;
			buildActionMask = 2147483647;
			files = (
				ECD347072B9978BA0087D96E /* iOS_Music_PlayerTests.swift in Sources */,
			);
			runOnlyForDeploymentPostprocessing = 0;
		};
		ECD347082B9978BA0087D96E /* Sources */ = {
			isa = PBXSourcesBuildPhase;
			buildActionMask = 2147483647;
			files = (
				ECD347112B9978BA0087D96E /* iOS_Music_PlayerUITests.swift in Sources */,
				ECD347132B9978BA0087D96E /* iOS_Music_PlayerUITestsLaunchTests.swift in Sources */,
			);
			runOnlyForDeploymentPostprocessing = 0;
		};
/* End PBXSourcesBuildPhase section */

/* Begin PBXTargetDependency section */
		ECD347042B9978BA0087D96E /* PBXTargetDependency */ = {
			isa = PBXTargetDependency;
			target = ECD346EB2B9978B90087D96E /* iOS_Music_Player */;
			targetProxy = ECD347032B9978BA0087D96E /* PBXContainerItemProxy */;
		};
		ECD3470E2B9978BA0087D96E /* PBXTargetDependency */ = {
			isa = PBXTargetDependency;
			target = ECD346EB2B9978B90087D96E /* iOS_Music_Player */;
			targetProxy = ECD3470D2B9978BA0087D96E /* PBXContainerItemProxy */;
		};
/* End PBXTargetDependency section */

/* Begin PBXVariantGroup section */
		ECD346F52B9978B90087D96E /* Main.storyboard */ = {
			isa = PBXVariantGroup;
			children = (
				ECD346F62B9978B90087D96E /* Base */,
			);
			name = Main.storyboard;
			sourceTree = "<group>";
		};
		ECD346FA2B9978BA0087D96E /* LaunchScreen.storyboard */ = {
			isa = PBXVariantGroup;
			children = (
				ECD346FB2B9978BA0087D96E /* Base */,
			);
			name = LaunchScreen.storyboard;
			sourceTree = "<group>";
		};
/* End PBXVariantGroup section */

/* Begin XCBuildConfiguration section */
		ECD347142B9978BA0087D96E /* Debug */ = {
			isa = XCBuildConfiguration;
			buildSettings = {
				ALWAYS_SEARCH_USER_PATHS = NO;
				ASSETCATALOG_COMPILER_GENERATE_SWIFT_ASSET_SYMBOL_EXTENSIONS = YES;
				CLANG_ANALYZER_NONNULL = YES;
				CLANG_ANALYZER_NUMBER_OBJECT_CONVERSION = YES_AGGRESSIVE;
				CLANG_CXX_LANGUAGE_STANDARD = "gnu++20";
				CLANG_ENABLE_MODULES = YES;
				CLANG_ENABLE_OBJC_ARC = YES;
				CLANG_ENABLE_OBJC_WEAK = YES;
				CLANG_WARN_BLOCK_CAPTURE_AUTORELEASING = YES;
				CLANG_WARN_BOOL_CONVERSION = YES;
				CLANG_WARN_COMMA = YES;
				CLANG_WARN_CONSTANT_CONVERSION = YES;
				CLANG_WARN_DEPRECATED_OBJC_IMPLEMENTATIONS = YES;
				CLANG_WARN_DIRECT_OBJC_ISA_USAGE = YES_ERROR;
				CLANG_WARN_DOCUMENTATION_COMMENTS = YES;
				CLANG_WARN_EMPTY_BODY = YES;
				CLANG_WARN_ENUM_CONVERSION = YES;
				CLANG_WARN_INFINITE_RECURSION = YES;
				CLANG_WARN_INT_CONVERSION = YES;
				CLANG_WARN_NON_LITERAL_NULL_CONVERSION = YES;
				CLANG_WARN_OBJC_IMPLICIT_RETAIN_SELF = YES;
				CLANG_WARN_OBJC_LITERAL_CONVERSION = YES;
				CLANG_WARN_OBJC_ROOT_CLASS = YES_ERROR;
				CLANG_WARN_QUOTED_INCLUDE_IN_FRAMEWORK_HEADER = YES;
				CLANG_WARN_RANGE_LOOP_ANALYSIS = YES;
				CLANG_WARN_STRICT_PROTOTYPES = YES;
				CLANG_WARN_SUSPICIOUS_MOVE = YES;
				CLANG_WARN_UNGUARDED_AVAILABILITY = YES_AGGRESSIVE;
				CLANG_WARN_UNREACHABLE_CODE = YES;
				CLANG_WARN__DUPLICATE_METHOD_MATCH = YES;
				COPY_PHASE_STRIP = NO;
				DEBUG_INFORMATION_FORMAT = dwarf;
				ENABLE_STRICT_OBJC_MSGSEND = YES;
				ENABLE_TESTABILITY = YES;
				ENABLE_USER_SCRIPT_SANDBOXING = YES;
				GCC_C_LANGUAGE_STANDARD = gnu17;
				GCC_DYNAMIC_NO_PIC = NO;
				GCC_NO_COMMON_BLOCKS = YES;
				GCC_OPTIMIZATION_LEVEL = 0;
				GCC_PREPROCESSOR_DEFINITIONS = (
					"DEBUG=1",
					"$(inherited)",
				);
				GCC_WARN_64_TO_32_BIT_CONVERSION = YES;
				GCC_WARN_ABOUT_RETURN_TYPE = YES_ERROR;
				GCC_WARN_UNDECLARED_SELECTOR = YES;
				GCC_WARN_UNINITIALIZED_AUTOS = YES_AGGRESSIVE;
				GCC_WARN_UNUSED_FUNCTION = YES;
				GCC_WARN_UNUSED_VARIABLE = YES;
				IPHONEOS_DEPLOYMENT_TARGET = 17.2;
				LOCALIZATION_PREFERS_STRING_CATALOGS = YES;
				MTL_ENABLE_DEBUG_INFO = INCLUDE_SOURCE;
				MTL_FAST_MATH = YES;
				ONLY_ACTIVE_ARCH = YES;
				SDKROOT = iphoneos;
				SWIFT_ACTIVE_COMPILATION_CONDITIONS = "DEBUG $(inherited)";
				SWIFT_OPTIMIZATION_LEVEL = "-Onone";
			};
			name = Debug;
		};
		ECD347152B9978BA0087D96E /* Release */ = {
			isa = XCBuildConfiguration;
			buildSettings = {
				ALWAYS_SEARCH_USER_PATHS = NO;
				ASSETCATALOG_COMPILER_GENERATE_SWIFT_ASSET_SYMBOL_EXTENSIONS = YES;
				CLANG_ANALYZER_NONNULL = YES;
				CLANG_ANALYZER_NUMBER_OBJECT_CONVERSION = YES_AGGRESSIVE;
				CLANG_CXX_LANGUAGE_STANDARD = "gnu++20";
				CLANG_ENABLE_MODULES = YES;
				CLANG_ENABLE_OBJC_ARC = YES;
				CLANG_ENABLE_OBJC_WEAK = YES;
				CLANG_WARN_BLOCK_CAPTURE_AUTORELEASING = YES;
				CLANG_WARN_BOOL_CONVERSION = YES;
				CLANG_WARN_COMMA = YES;
				CLANG_WARN_CONSTANT_CONVERSION = YES;
				CLANG_WARN_DEPRECATED_OBJC_IMPLEMENTATIONS = YES;
				CLANG_WARN_DIRECT_OBJC_ISA_USAGE = YES_ERROR;
				CLANG_WARN_DOCUMENTATION_COMMENTS = YES;
				CLANG_WARN_EMPTY_BODY = YES;
				CLANG_WARN_ENUM_CONVERSION = YES;
				CLANG_WARN_INFINITE_RECURSION = YES;
				CLANG_WARN_INT_CONVERSION = YES;
				CLANG_WARN_NON_LITERAL_NULL_CONVERSION = YES;
				CLANG_WARN_OBJC_IMPLICIT_RETAIN_SELF = YES;
				CLANG_WARN_OBJC_LITERAL_CONVERSION = YES;
				CLANG_WARN_OBJC_ROOT_CLASS = YES_ERROR;
				CLANG_WARN_QUOTED_INCLUDE_IN_FRAMEWORK_HEADER = YES;
				CLANG_WARN_RANGE_LOOP_ANALYSIS = YES;
				CLANG_WARN_STRICT_PROTOTYPES = YES;
				CLANG_WARN_SUSPICIOUS_MOVE = YES;
				CLANG_WARN_UNGUARDED_AVAILABILITY = YES_AGGRESSIVE;
				CLANG_WARN_UNREACHABLE_CODE = YES;
				CLANG_WARN__DUPLICATE_METHOD_MATCH = YES;
				COPY_PHASE_STRIP = NO;
				DEBUG_INFORMATION_FORMAT = "dwarf-with-dsym";
				ENABLE_NS_ASSERTIONS = NO;
				ENABLE_STRICT_OBJC_MSGSEND = YES;
				ENABLE_USER_SCRIPT_SANDBOXING = YES;
				GCC_C_LANGUAGE_STANDARD = gnu17;
				GCC_NO_COMMON_BLOCKS = YES;
				GCC_WARN_64_TO_32_BIT_CONVERSION = YES;
				GCC_WARN_ABOUT_RETURN_TYPE = YES_ERROR;
				GCC_WARN_UNDECLARED_SELECTOR = YES;
				GCC_WARN_UNINITIALIZED_AUTOS = YES_AGGRESSIVE;
				GCC_WARN_UNUSED_FUNCTION = YES;
				GCC_WARN_UNUSED_VARIABLE = YES;
				IPHONEOS_DEPLOYMENT_TARGET = 17.2;
				LOCALIZATION_PREFERS_STRING_CATALOGS = YES;
				MTL_ENABLE_DEBUG_INFO = NO;
				MTL_FAST_MATH = YES;
				SDKROOT = iphoneos;
				SWIFT_COMPILATION_MODE = wholemodule;
				VALIDATE_PRODUCT = YES;
			};
			name = Release;
		};
		ECD347172B9978BA0087D96E /* Debug */ = {
			isa = XCBuildConfiguration;
			buildSettings = {
				ASSETCATALOG_COMPILER_APPICON_NAME = AppIcon;
				ASSETCATALOG_COMPILER_GLOBAL_ACCENT_COLOR_NAME = AccentColor;
				CODE_SIGN_STYLE = Automatic;
				CURRENT_PROJECT_VERSION = 1;
				DEVELOPMENT_TEAM = KNQWN32P6C;
				GENERATE_INFOPLIST_FILE = YES;
				INFOPLIST_FILE = iOS_Music_Player/Info.plist;
				INFOPLIST_KEY_UIApplicationSupportsIndirectInputEvents = YES;
				INFOPLIST_KEY_UILaunchStoryboardName = LaunchScreen;
				INFOPLIST_KEY_UIMainStoryboardFile = Main;
				INFOPLIST_KEY_UISupportedInterfaceOrientations_iPad = "UIInterfaceOrientationPortrait UIInterfaceOrientationPortraitUpsideDown UIInterfaceOrientationLandscapeLeft UIInterfaceOrientationLandscapeRight";
				INFOPLIST_KEY_UISupportedInterfaceOrientations_iPhone = "UIInterfaceOrientationPortrait UIInterfaceOrientationLandscapeLeft UIInterfaceOrientationLandscapeRight";
				IPHONEOS_DEPLOYMENT_TARGET = 15.2;
				LD_RUNPATH_SEARCH_PATHS = (
					"$(inherited)",
					"@executable_path/Frameworks",
				);
				MARKETING_VERSION = 1.0;
				PRODUCT_BUNDLE_IDENTIFIER = "iOS-Music-Palyer";
				PRODUCT_NAME = "$(TARGET_NAME)";
				SWIFT_EMIT_LOC_STRINGS = YES;
				SWIFT_VERSION = 5.0;
				TARGETED_DEVICE_FAMILY = "1,2";
			};
			name = Debug;
		};
		ECD347182B9978BA0087D96E /* Release */ = {
			isa = XCBuildConfiguration;
			buildSettings = {
				ASSETCATALOG_COMPILER_APPICON_NAME = AppIcon;
				ASSETCATALOG_COMPILER_GLOBAL_ACCENT_COLOR_NAME = AccentColor;
				CODE_SIGN_STYLE = Automatic;
				CURRENT_PROJECT_VERSION = 1;
				DEVELOPMENT_TEAM = KNQWN32P6C;
				GENERATE_INFOPLIST_FILE = YES;
				INFOPLIST_FILE = iOS_Music_Player/Info.plist;
				INFOPLIST_KEY_UIApplicationSupportsIndirectInputEvents = YES;
				INFOPLIST_KEY_UILaunchStoryboardName = LaunchScreen;
				INFOPLIST_KEY_UIMainStoryboardFile = Main;
				INFOPLIST_KEY_UISupportedInterfaceOrientations_iPad = "UIInterfaceOrientationPortrait UIInterfaceOrientationPortraitUpsideDown UIInterfaceOrientationLandscapeLeft UIInterfaceOrientationLandscapeRight";
				INFOPLIST_KEY_UISupportedInterfaceOrientations_iPhone = "UIInterfaceOrientationPortrait UIInterfaceOrientationLandscapeLeft UIInterfaceOrientationLandscapeRight";
				IPHONEOS_DEPLOYMENT_TARGET = 15.2;
				LD_RUNPATH_SEARCH_PATHS = (
					"$(inherited)",
					"@executable_path/Frameworks",
				);
				MARKETING_VERSION = 1.0;
				PRODUCT_BUNDLE_IDENTIFIER = "iOS-Music-Palyer";
				PRODUCT_NAME = "$(TARGET_NAME)";
				SWIFT_EMIT_LOC_STRINGS = YES;
				SWIFT_VERSION = 5.0;
				TARGETED_DEVICE_FAMILY = "1,2";
			};
			name = Release;
		};
		ECD3471A2B9978BA0087D96E /* Debug */ = {
			isa = XCBuildConfiguration;
			buildSettings = {
				ALWAYS_EMBED_SWIFT_STANDARD_LIBRARIES = YES;
				BUNDLE_LOADER = "$(TEST_HOST)";
				CODE_SIGN_STYLE = Automatic;
				CURRENT_PROJECT_VERSION = 1;
				DEVELOPMENT_TEAM = KNQWN32P6C;
				GENERATE_INFOPLIST_FILE = YES;
				IPHONEOS_DEPLOYMENT_TARGET = 17.2;
				MARKETING_VERSION = 1.0;
				PRODUCT_BUNDLE_IDENTIFIER = "com.baoan.iOS-Music-PlayerTests";
				PRODUCT_NAME = "$(TARGET_NAME)";
				SWIFT_EMIT_LOC_STRINGS = NO;
				SWIFT_VERSION = 5.0;
				TARGETED_DEVICE_FAMILY = "1,2";
				TEST_HOST = "$(BUILT_PRODUCTS_DIR)/iOS_Music_Player.app/$(BUNDLE_EXECUTABLE_FOLDER_PATH)/iOS_Music_Player";
			};
			name = Debug;
		};
		ECD3471B2B9978BA0087D96E /* Release */ = {
			isa = XCBuildConfiguration;
			buildSettings = {
				ALWAYS_EMBED_SWIFT_STANDARD_LIBRARIES = YES;
				BUNDLE_LOADER = "$(TEST_HOST)";
				CODE_SIGN_STYLE = Automatic;
				CURRENT_PROJECT_VERSION = 1;
				DEVELOPMENT_TEAM = KNQWN32P6C;
				GENERATE_INFOPLIST_FILE = YES;
				IPHONEOS_DEPLOYMENT_TARGET = 17.2;
				MARKETING_VERSION = 1.0;
				PRODUCT_BUNDLE_IDENTIFIER = "com.baoan.iOS-Music-PlayerTests";
				PRODUCT_NAME = "$(TARGET_NAME)";
				SWIFT_EMIT_LOC_STRINGS = NO;
				SWIFT_VERSION = 5.0;
				TARGETED_DEVICE_FAMILY = "1,2";
				TEST_HOST = "$(BUILT_PRODUCTS_DIR)/iOS_Music_Player.app/$(BUNDLE_EXECUTABLE_FOLDER_PATH)/iOS_Music_Player";
			};
			name = Release;
		};
		ECD3471D2B9978BA0087D96E /* Debug */ = {
			isa = XCBuildConfiguration;
			buildSettings = {
				ALWAYS_EMBED_SWIFT_STANDARD_LIBRARIES = YES;
				CODE_SIGN_STYLE = Automatic;
				CURRENT_PROJECT_VERSION = 1;
				DEVELOPMENT_TEAM = KNQWN32P6C;
				GENERATE_INFOPLIST_FILE = YES;
				MARKETING_VERSION = 1.0;
				PRODUCT_BUNDLE_IDENTIFIER = "com.baoan.iOS-Music-PlayerUITests";
				PRODUCT_NAME = "$(TARGET_NAME)";
				SWIFT_EMIT_LOC_STRINGS = NO;
				SWIFT_VERSION = 5.0;
				TARGETED_DEVICE_FAMILY = "1,2";
				TEST_TARGET_NAME = iOS_Music_Player;
			};
			name = Debug;
		};
		ECD3471E2B9978BA0087D96E /* Release */ = {
			isa = XCBuildConfiguration;
			buildSettings = {
				ALWAYS_EMBED_SWIFT_STANDARD_LIBRARIES = YES;
				CODE_SIGN_STYLE = Automatic;
				CURRENT_PROJECT_VERSION = 1;
				DEVELOPMENT_TEAM = KNQWN32P6C;
				GENERATE_INFOPLIST_FILE = YES;
				MARKETING_VERSION = 1.0;
				PRODUCT_BUNDLE_IDENTIFIER = "com.baoan.iOS-Music-PlayerUITests";
				PRODUCT_NAME = "$(TARGET_NAME)";
				SWIFT_EMIT_LOC_STRINGS = NO;
				SWIFT_VERSION = 5.0;
				TARGETED_DEVICE_FAMILY = "1,2";
				TEST_TARGET_NAME = iOS_Music_Player;
			};
			name = Release;
		};
/* End XCBuildConfiguration section */

/* Begin XCConfigurationList section */
		ECD346E72B9978B90087D96E /* Build configuration list for PBXProject "iOS_Music_Player" */ = {
			isa = XCConfigurationList;
			buildConfigurations = (
				ECD347142B9978BA0087D96E /* Debug */,
				ECD347152B9978BA0087D96E /* Release */,
			);
			defaultConfigurationIsVisible = 0;
			defaultConfigurationName = Release;
		};
		ECD347162B9978BA0087D96E /* Build configuration list for PBXNativeTarget "iOS_Music_Player" */ = {
			isa = XCConfigurationList;
			buildConfigurations = (
				ECD347172B9978BA0087D96E /* Debug */,
				ECD347182B9978BA0087D96E /* Release */,
			);
			defaultConfigurationIsVisible = 0;
			defaultConfigurationName = Release;
		};
		ECD347192B9978BA0087D96E /* Build configuration list for PBXNativeTarget "iOS_Music_PlayerTests" */ = {
			isa = XCConfigurationList;
			buildConfigurations = (
				ECD3471A2B9978BA0087D96E /* Debug */,
				ECD3471B2B9978BA0087D96E /* Release */,
			);
			defaultConfigurationIsVisible = 0;
			defaultConfigurationName = Release;
		};
		ECD3471C2B9978BA0087D96E /* Build configuration list for PBXNativeTarget "iOS_Music_PlayerUITests" */ = {
			isa = XCConfigurationList;
			buildConfigurations = (
				ECD3471D2B9978BA0087D96E /* Debug */,
				ECD3471E2B9978BA0087D96E /* Release */,
			);
			defaultConfigurationIsVisible = 0;
			defaultConfigurationName = Release;
		};
/* End XCConfigurationList section */
	};
	rootObject = ECD346E42B9978B90087D96E /* Project object */;
}
